{
  "version": 1,
  "dependencies": {
    "net8.0-windows7.0": {
      "DalamudPackager": {
        "type": "Direct",
        "requested": "[11.0.0, )",
        "resolved": "11.0.0",
        "contentHash": "bjT7XUlhIJSmsE/O76b7weUX+evvGQctbQB8aKXt94o+oPWxHpCepxAGMs7Thow3AzCyqWs7cOpp9/2wcgRRQA=="
      },
      "Fody": {
        "type": "Direct",
        "requested": "[6.8.0, )",
        "resolved": "6.8.0",
        "contentHash": "hfZ/f8Mezt8aTkgv9nsvFdYoQ809/AqwsJlOGOPYIfBcG2aAIG3v3ex9d8ZqQuFYyMoucjRg4eKy3VleeGodKQ=="
      },
      "Resourcer.Fody": {
        "type": "Direct",
        "requested": "[1.8.1, )",
        "resolved": "1.8.1",
        "contentHash": "FPeK4jKyyX5+mIjTnHNReGZk2/2xDhmu44UsBI5w9WEhbr4oTMmht3rnBr46A+GCGepC4+2N41K4vExDYiGNVQ==",
        "dependencies": {
          "Fody": "6.6.4"
        }
      },
      "glamourer.api": {
        "type": "Project"
      }
    }
  }
}